Microsoft Visual Studio Solution File, Format Version 11.00
# Visual Studio 2008

Project("{0BDCA605-2C3D-AD00-1748-4C73D1B42E05}") = "Cats-teroids", "Assembly-CSharp.csproj", "{3188C104-73B1-5304-E79C-5DC56F73BE27}"
EndProject
Global
	GlobalSection(SolutionConfigurationPlatforms) = preSolution
		Debug|Any CPU = Debug|Any CPU
		Release|Any CPU = Release|Any CPU
	EndGlobalSection
	GlobalSection(ProjectConfigurationPlatforms) = postSolution
		{3188C104-73B1-5304-E79C-5DC56F73BE27}.Debug|Any CPU.ActiveCfg = Debug|Any CPU
		{3188C104-73B1-5304-E79C-5DC56F73BE27}.Debug|Any CPU.Build.0 = Debug|Any CPU
		{3188C104-73B1-5304-E79C-5DC56F73BE27}.Release|Any CPU.ActiveCfg = Release|Any CPU
		{3188C104-73B1-5304-E79C-5DC56F73BE27}.Release|Any CPU.Build.0 = Release|Any CPU
	EndGlobalSection
	GlobalSection(SolutionProperties) = preSolution
		HideSolutionNode = FALSE
	EndGlobalSection
	GlobalSection(MonoDevelopProperties) = preSolution
		StartupItem = Assembly-CSharp.csproj
	EndGlobalSection
EndGlobal
