
Microsoft Visual Studio Solution File, Format Version 12.00
# Visual Studio 2017
Project("{FAE04EC0-301F-11D3-BF4B-00C04F79EFBC}") = "Cats-teroids", "Cats-teroids.csproj", "{AAAC720E-20E1-6864-EBE4-0B96BAC8E27A}"
EndProject
Global
	GlobalSection(SolutionConfigurationPlatforms) = preSolution
		Debug|Any CPU = Debug|Any CPU
		Release|Any CPU = Release|Any CPU
	EndGlobalSection
	GlobalSection(ProjectConfigurationPlatforms) = postSolution
		{AAAC720E-20E1-6864-EBE4-0B96BAC8E27A}.Debug|Any CPU.ActiveCfg = Debug|Any CPU
		{AAAC720E-20E1-6864-EBE4-0B96BAC8E27A}.Debug|Any CPU.Build.0 = Debug|Any CPU
		{AAAC720E-20E1-6864-EBE4-0B96BAC8E27A}.Release|Any CPU.ActiveCfg = Release|Any CPU
		{AAAC720E-20E1-6864-EBE4-0B96BAC8E27A}.Release|Any CPU.Build.0 = Release|Any CPU
	EndGlobalSection
	GlobalSection(SolutionProperties) = preSolution
		HideSolutionNode = FALSE
	EndGlobalSection
EndGlobal
